
Microsoft Visual Studio Solution File, Format Version 12.00
# Visual Studio Version 16
VisualStudioVersion = 16.0.30717.126
MinimumVisualStudioVersion = 10.0.40219.1
Project("{9A19103F-16F7-4668-BE54-9A1E7A4F7556}") = "DashService.WebApi", "DashService.WebApi\DashService.WebApi.csproj", "{650C8277-D4CD-41C6-BA8D-B617F6B26E3E}"
EndProject
Project("{9A19103F-16F7-4668-BE54-9A1E7A4F7556}") = "DashService.Worker", "DashService.Worker\DashService.Worker.csproj", "{E938ED71-2E79-4692-A629-0E5DB9F8746F}"
EndProject
Project("{9A19103F-16F7-4668-BE54-9A1E7A4F7556}") = "DashService.Context", "DashService.Context\DashService.Context.csproj", "{860BC00A-E0E1-4409-ADC9-A55E39BAEC08}"
EndProject
Project("{9A19103F-16F7-4668-BE54-9A1E7A4F7556}") = "DashService.App", "DashService.App\DashService.App.csproj", "{11C64806-6FB7-4FA1-96EF-0FE407F80E50}"
EndProject
Project("{9A19103F-16F7-4668-BE54-9A1E7A4F7556}") = "DashService.Job", "DashService.Job\DashService.Job.csproj", "{3DF20739-D78D-48FB-838C-45057F1D1D44}"
EndProject
Project("{9A19103F-16F7-4668-BE54-9A1E7A4F7556}") = "DashService.Job.Abstraction", "DashService.Job.Abstraction\DashService.Job.Abstraction.csproj", "{169B6B80-15CA-4B56-9ACB-BF3B9BF7BFD9}"
EndProject
Project("{9A19103F-16F7-4668-BE54-9A1E7A4F7556}") = "DashService.Job.Sample", "DashService.Job.Sample\DashService.Job.Sample.csproj", "{E3CA69D4-5D03-4A4B-BFA5-83DF418AF926}"
EndProject
Project("{9A19103F-16F7-4668-BE54-9A1E7A4F7556}") = "DashService.Logger", "DashService.Logger\DashService.Logger.csproj", "{1E50EC9B-A8CD-4694-9F2B-ACCC325E6A77}"
EndProject
Project("{9A19103F-16F7-4668-BE54-9A1E7A4F7556}") = "DashService.JobHandler", "DashService.AssemblyManager\DashService.JobHandler.csproj", "{AEE751B5-7B7B-40FC-B723-B110EDE08287}"
EndProject
Project("{9A19103F-16F7-4668-BE54-9A1E7A4F7556}") = "DashService.Framework", "DashService.Framework\DashService.Framework.csproj", "{084A538B-80BD-4E52-861D-0C7467A92648}"
EndProject
Project("{FAE04EC0-301F-11D3-BF4B-00C04F79EFBC}") = "DashService.Context.DI", "DashService.Job.DI\DashService.Context.DI.csproj", "{ED8D70E4-87D4-4EBF-A8F7-D544BF2EBCEC}"
EndProject
Project("{FAE04EC0-301F-11D3-BF4B-00C04F79EFBC}") = "DashService.Runtime", "DashService.Runtime\DashService.Runtime.csproj", "{43BB518D-C0E8-483C-B930-515647998243}"
EndProject
Global
	GlobalSection(SolutionConfigurationPlatforms) = preSolution
		Debug|Any CPU = Debug|Any CPU
		Release|Any CPU = Release|Any CPU
	EndGlobalSection
	GlobalSection(ProjectConfigurationPlatforms) = postSolution
		{650C8277-D4CD-41C6-BA8D-B617F6B26E3E}.Debug|Any CPU.ActiveCfg = Debug|Any CPU
		{650C8277-D4CD-41C6-BA8D-B617F6B26E3E}.Debug|Any CPU.Build.0 = Debug|Any CPU
		{650C8277-D4CD-41C6-BA8D-B617F6B26E3E}.Release|Any CPU.ActiveCfg = Release|Any CPU
		{650C8277-D4CD-41C6-BA8D-B617F6B26E3E}.Release|Any CPU.Build.0 = Release|Any CPU
		{E938ED71-2E79-4692-A629-0E5DB9F8746F}.Debug|Any CPU.ActiveCfg = Debug|Any CPU
		{E938ED71-2E79-4692-A629-0E5DB9F8746F}.Debug|Any CPU.Build.0 = Debug|Any CPU
		{E938ED71-2E79-4692-A629-0E5DB9F8746F}.Release|Any CPU.ActiveCfg = Release|Any CPU
		{E938ED71-2E79-4692-A629-0E5DB9F8746F}.Release|Any CPU.Build.0 = Release|Any CPU
		{860BC00A-E0E1-4409-ADC9-A55E39BAEC08}.Debug|Any CPU.ActiveCfg = Debug|Any CPU
		{860BC00A-E0E1-4409-ADC9-A55E39BAEC08}.Debug|Any CPU.Build.0 = Debug|Any CPU
		{860BC00A-E0E1-4409-ADC9-A55E39BAEC08}.Release|Any CPU.ActiveCfg = Release|Any CPU
		{860BC00A-E0E1-4409-ADC9-A55E39BAEC08}.Release|Any CPU.Build.0 = Release|Any CPU
		{11C64806-6FB7-4FA1-96EF-0FE407F80E50}.Debug|Any CPU.ActiveCfg = Debug|Any CPU
		{11C64806-6FB7-4FA1-96EF-0FE407F80E50}.Debug|Any CPU.Build.0 = Debug|Any CPU
		{11C64806-6FB7-4FA1-96EF-0FE407F80E50}.Release|Any CPU.ActiveCfg = Release|Any CPU
		{11C64806-6FB7-4FA1-96EF-0FE407F80E50}.Release|Any CPU.Build.0 = Release|Any CPU
		{3DF20739-D78D-48FB-838C-45057F1D1D44}.Debug|Any CPU.ActiveCfg = Debug|Any CPU
		{3DF20739-D78D-48FB-838C-45057F1D1D44}.Debug|Any CPU.Build.0 = Debug|Any CPU
		{3DF20739-D78D-48FB-838C-45057F1D1D44}.Release|Any CPU.ActiveCfg = Release|Any CPU
		{3DF20739-D78D-48FB-838C-45057F1D1D44}.Release|Any CPU.Build.0 = Release|Any CPU
		{169B6B80-15CA-4B56-9ACB-BF3B9BF7BFD9}.Debug|Any CPU.ActiveCfg = Debug|Any CPU
		{169B6B80-15CA-4B56-9ACB-BF3B9BF7BFD9}.Debug|Any CPU.Build.0 = Debug|Any CPU
		{169B6B80-15CA-4B56-9ACB-BF3B9BF7BFD9}.Release|Any CPU.ActiveCfg = Release|Any CPU
		{169B6B80-15CA-4B56-9ACB-BF3B9BF7BFD9}.Release|Any CPU.Build.0 = Release|Any CPU
		{E3CA69D4-5D03-4A4B-BFA5-83DF418AF926}.Debug|Any CPU.ActiveCfg = Debug|Any CPU
		{E3CA69D4-5D03-4A4B-BFA5-83DF418AF926}.Debug|Any CPU.Build.0 = Debug|Any CPU
		{E3CA69D4-5D03-4A4B-BFA5-83DF418AF926}.Release|Any CPU.ActiveCfg = Release|Any CPU
		{E3CA69D4-5D03-4A4B-BFA5-83DF418AF926}.Release|Any CPU.Build.0 = Release|Any CPU
		{1E50EC9B-A8CD-4694-9F2B-ACCC325E6A77}.Debug|Any CPU.ActiveCfg = Debug|Any CPU
		{1E50EC9B-A8CD-4694-9F2B-ACCC325E6A77}.Debug|Any CPU.Build.0 = Debug|Any CPU
		{1E50EC9B-A8CD-4694-9F2B-ACCC325E6A77}.Release|Any CPU.ActiveCfg = Release|Any CPU
		{1E50EC9B-A8CD-4694-9F2B-ACCC325E6A77}.Release|Any CPU.Build.0 = Release|Any CPU
		{AEE751B5-7B7B-40FC-B723-B110EDE08287}.Debug|Any CPU.ActiveCfg = Debug|Any CPU
		{AEE751B5-7B7B-40FC-B723-B110EDE08287}.Debug|Any CPU.Build.0 = Debug|Any CPU
		{AEE751B5-7B7B-40FC-B723-B110EDE08287}.Release|Any CPU.ActiveCfg = Release|Any CPU
		{AEE751B5-7B7B-40FC-B723-B110EDE08287}.Release|Any CPU.Build.0 = Release|Any CPU
		{084A538B-80BD-4E52-861D-0C7467A92648}.Debug|Any CPU.ActiveCfg = Debug|Any CPU
		{084A538B-80BD-4E52-861D-0C7467A92648}.Debug|Any CPU.Build.0 = Debug|Any CPU
		{084A538B-80BD-4E52-861D-0C7467A92648}.Release|Any CPU.ActiveCfg = Release|Any CPU
		{084A538B-80BD-4E52-861D-0C7467A92648}.Release|Any CPU.Build.0 = Release|Any CPU
		{ED8D70E4-87D4-4EBF-A8F7-D544BF2EBCEC}.Debug|Any CPU.ActiveCfg = Debug|Any CPU
		{ED8D70E4-87D4-4EBF-A8F7-D544BF2EBCEC}.Debug|Any CPU.Build.0 = Debug|Any CPU
		{ED8D70E4-87D4-4EBF-A8F7-D544BF2EBCEC}.Release|Any CPU.ActiveCfg = Release|Any CPU
		{ED8D70E4-87D4-4EBF-A8F7-D544BF2EBCEC}.Release|Any CPU.Build.0 = Release|Any CPU
		{43BB518D-C0E8-483C-B930-515647998243}.Debug|Any CPU.ActiveCfg = Debug|Any CPU
		{43BB518D-C0E8-483C-B930-515647998243}.Debug|Any CPU.Build.0 = Debug|Any CPU
		{43BB518D-C0E8-483C-B930-515647998243}.Release|Any CPU.ActiveCfg = Release|Any CPU
		{43BB518D-C0E8-483C-B930-515647998243}.Release|Any CPU.Build.0 = Release|Any CPU
	EndGlobalSection
	GlobalSection(SolutionProperties) = preSolution
		HideSolutionNode = FALSE
	EndGlobalSection
	GlobalSection(ExtensibilityGlobals) = postSolution
		SolutionGuid = {CB4E0097-C18F-4D1E-8BC5-A2F67E01807B}
	EndGlobalSection
EndGlobal
